<?xml version="1.0" encoding="utf-8"?>
<Project ToolsVersion="4.0" xmlns="http://schemas.microsoft.com/developer/msbuild/2003">
  <ItemGroup>
    <Filter Include="Source Files">
      <UniqueIdentifier>{4FC737F1-C7A5-4376-A066-2A32D752A2FF}</UniqueIdentifier>
      <Extensions>cpp;c;cc;cxx;def;odl;idl;hpj;bat;asm;asmx</Extensions>
    </Filter>
    <Filter Include="Header Files">
      <UniqueIdentifier>{93995380-89BD-4b04-88EB-625FBE52EBFB}</UniqueIdentifier>
      <Extensions>h;hh;hpp;hxx;hm;inl;inc;xsd</Extensions>
    </Filter>
    <Filter Include="Resource Files">
      <UniqueIdentifier>{67DA6AB6-F800-4c08-8B7A-83BB121AAD01}</UniqueIdentifier>
      <Extensions>rc;ico;cur;bmp;dlg;rc2;rct;bin;rgs;gif;jpg;jpeg;jpe;resx;tiff;tif;png;wav;mfcribbon-ms</Extensions>
    </Filter>
    <Filter Include="lib">
      <UniqueIdentifier>{d51920d5-daa6-43eb-97e9-434a9a04d2c7}</UniqueIdentifier>
    </Filter>
    <Filter Include="deploy">
      <UniqueIdentifier>{e3069716-4625-4e1b-b15f-6d4316d656d5}</UniqueIdentifier>
    </Filter>
    <Filter Include="deploy\1.0.0.2">
      <UniqueIdentifier>{21df350a-1410-441a-9438-2c8713fbafd8}</UniqueIdentifier>
    </Filter>
    <Filter Include="deploy\1.0.0.3">
      <UniqueIdentifier>{5ed683fb-7093-4673-9aaa-cc95fe0b4d7b}</UniqueIdentifier>
    </Filter>
  </ItemGroup>
  <ItemGroup>
    <Text Include="ReadMe.txt" />
  </ItemGroup>
  <ItemGroup>
    <ClInclude Include="stdafx.h">
      <Filter>Header Files</Filter>
    </ClInclude>
    <ClInclude Include="targetver.h">
      <Filter>Header Files</Filter>
    </ClInclude>
    <ClInclude Include="StringBuilder.h">
      <Filter>Header Files</Filter>
    </ClInclude>
    <ClInclude Include="SystemInfo.h">
      <Filter>Header Files</Filter>
    </ClInclude>
    <ClInclude Include="InfoCollector.h">
      <Filter>Header Files</Filter>
    </ClInclude>
    <ClInclude Include="CommandLineParser.h">
      <Filter>lib</Filter>
    </ClInclude>
    <ClInclude Include="StringSplit.h">
      <Filter>Header Files</Filter>
    </ClInclude>
    <ClInclude Include="resource.h">
      <Filter>Header Files</Filter>
    </ClInclude>
  </ItemGroup>
  <ItemGroup>
    <ClCompile Include="stdafx.cpp">
      <Filter>Source Files</Filter>
    </ClCompile>
    <ClCompile Include="InfoCollector.cpp">
      <Filter>Source Files</Filter>
    </ClCompile>
    <ClCompile Include="StringBuilder.cpp">
      <Filter>Source Files</Filter>
    </ClCompile>
    <ClCompile Include="SystemInfo.cpp">
      <Filter>Source Files</Filter>
    </ClCompile>
    <ClCompile Include="CommandLineParser.cpp">
      <Filter>lib</Filter>
    </ClCompile>
    <ClCompile Include="StringSplit.cpp">
      <Filter>Source Files</Filter>
    </ClCompile>
    <ClCompile Include="Register.cpp">
      <Filter>Source Files</Filter>
    </ClCompile>
  </ItemGroup>
  <ItemGroup>
    <Xml Include="version.xml" />
  </ItemGroup>
  <ItemGroup>
    <ResourceCompile Include="Resource.rc">
      <Filter>Resource Files</Filter>
    </ResourceCompile>
  </ItemGroup>
  <ItemGroup>
    <None Include="deploy\1.0.0.2\ic32.exe">
      <Filter>deploy\1.0.0.2</Filter>
    </None>
    <None Include="deploy\1.0.0.2\ic64.exe">
      <Filter>deploy\1.0.0.2</Filter>
    </None>
    <None Include="deploy\1.0.0.3\ic32.exe">
      <Filter>deploy\1.0.0.3</Filter>
    </None>
    <None Include="deploy\1.0.0.3\ic64.exe">
      <Filter>deploy\1.0.0.3</Filter>
    </None>
  </ItemGroup>
</Project>